
Microsoft Visual Studio Solution File, Format Version 12.00
# Visual Studio Version 16
VisualStudioVersion = 16.0.30413.136
MinimumVisualStudioVersion = 10.0.40219.1
Project("{FAE04EC0-301F-11D3-BF4B-00C04F79EFBC}") = "Второе задание", "Второе задание\Второе задание.csproj", "{6EA7ADC7-90E4-4A5E-8CC9-B4201BA810FE}"
EndProject
Global
	GlobalSection(SolutionConfigurationPlatforms) = preSolution
		Debug|Any CPU = Debug|Any CPU
		Release|Any CPU = Release|Any CPU
	EndGlobalSection
	GlobalSection(ProjectConfigurationPlatforms) = postSolution
		{6EA7ADC7-90E4-4A5E-8CC9-B4201BA810FE}.Debug|Any CPU.ActiveCfg = Debug|Any CPU
		{6EA7ADC7-90E4-4A5E-8CC9-B4201BA810FE}.Debug|Any CPU.Build.0 = Debug|Any CPU
		{6EA7ADC7-90E4-4A5E-8CC9-B4201BA810FE}.Release|Any CPU.ActiveCfg = Release|Any CPU
		{6EA7ADC7-90E4-4A5E-8CC9-B4201BA810FE}.Release|Any CPU.Build.0 = Release|Any CPU
	EndGlobalSection
	GlobalSection(SolutionProperties) = preSolution
		HideSolutionNode = FALSE
	EndGlobalSection
	GlobalSection(ExtensibilityGlobals) = postSolution
		SolutionGuid = {A4458819-9210-49D9-BDE5-7026B732ADD7}
	EndGlobalSection
EndGlobal
